
Microsoft Visual Studio Solution File, Format Version 12.00
# Visual Studio Version 17
VisualStudioVersion = 17.0.31919.166
MinimumVisualStudioVersion = 10.0.40219.1
Project("{9A19103F-16F7-4668-BE54-9A1E7A4F7556}") = "Jonwolfdev.Utils.Common", "Jonwolfdev.Utils.Common\Jonwolfdev.Utils.Common.csproj", "{2C61EBD3-1D5F-4ED2-AA93-07B8DD58921F}"
EndProject
Project("{9A19103F-16F7-4668-BE54-9A1E7A4F7556}") = "Jonwolfdev.Utils.Common.UnitTests", "Jonwolfdev.Utils.Common.UnitTests\Jonwolfdev.Utils.Common.UnitTests.csproj", "{07789B21-D126-430F-AAD8-728F31FE72BE}"
EndProject
Project("{9A19103F-16F7-4668-BE54-9A1E7A4F7556}") = "Jonwolfdev.Utils.Mvc", "Jonwolfdev.Utils.Mvc\Jonwolfdev.Utils.Mvc.csproj", "{8253DE3D-37CF-428C-B9C8-A43D5085302B}"
EndProject
Project("{9A19103F-16F7-4668-BE54-9A1E7A4F7556}") = "Jonwolfdev.Utils6", "Jonwolfdev.Utils6\Jonwolfdev.Utils6.csproj", "{6E31282C-B731-40C4-8689-39E558985F60}"
EndProject
Project("{FAE04EC0-301F-11D3-BF4B-00C04F79EFBC}") = "Jonwolfdev.Utils6.Tests", "Jonwolfdev.Utils6.Tests\Jonwolfdev.Utils6.Tests.csproj", "{7BFC9D16-D15D-4B0F-BB1C-39B60C69CB40}"
EndProject
Global
	GlobalSection(SolutionConfigurationPlatforms) = preSolution
		Debug|Any CPU = Debug|Any CPU
		Release|Any CPU = Release|Any CPU
	EndGlobalSection
	GlobalSection(ProjectConfigurationPlatforms) = postSolution
		{2C61EBD3-1D5F-4ED2-AA93-07B8DD58921F}.Debug|Any CPU.ActiveCfg = Debug|Any CPU
		{2C61EBD3-1D5F-4ED2-AA93-07B8DD58921F}.Debug|Any CPU.Build.0 = Debug|Any CPU
		{2C61EBD3-1D5F-4ED2-AA93-07B8DD58921F}.Release|Any CPU.ActiveCfg = Release|Any CPU
		{2C61EBD3-1D5F-4ED2-AA93-07B8DD58921F}.Release|Any CPU.Build.0 = Release|Any CPU
		{07789B21-D126-430F-AAD8-728F31FE72BE}.Debug|Any CPU.ActiveCfg = Debug|Any CPU
		{07789B21-D126-430F-AAD8-728F31FE72BE}.Debug|Any CPU.Build.0 = Debug|Any CPU
		{07789B21-D126-430F-AAD8-728F31FE72BE}.Release|Any CPU.ActiveCfg = Release|Any CPU
		{07789B21-D126-430F-AAD8-728F31FE72BE}.Release|Any CPU.Build.0 = Release|Any CPU
		{8253DE3D-37CF-428C-B9C8-A43D5085302B}.Debug|Any CPU.ActiveCfg = Debug|Any CPU
		{8253DE3D-37CF-428C-B9C8-A43D5085302B}.Debug|Any CPU.Build.0 = Debug|Any CPU
		{8253DE3D-37CF-428C-B9C8-A43D5085302B}.Release|Any CPU.ActiveCfg = Release|Any CPU
		{8253DE3D-37CF-428C-B9C8-A43D5085302B}.Release|Any CPU.Build.0 = Release|Any CPU
		{6E31282C-B731-40C4-8689-39E558985F60}.Debug|Any CPU.ActiveCfg = Debug|Any CPU
		{6E31282C-B731-40C4-8689-39E558985F60}.Debug|Any CPU.Build.0 = Debug|Any CPU
		{6E31282C-B731-40C4-8689-39E558985F60}.Release|Any CPU.ActiveCfg = Release|Any CPU
		{6E31282C-B731-40C4-8689-39E558985F60}.Release|Any CPU.Build.0 = Release|Any CPU
		{7BFC9D16-D15D-4B0F-BB1C-39B60C69CB40}.Debug|Any CPU.ActiveCfg = Debug|Any CPU
		{7BFC9D16-D15D-4B0F-BB1C-39B60C69CB40}.Debug|Any CPU.Build.0 = Debug|Any CPU
		{7BFC9D16-D15D-4B0F-BB1C-39B60C69CB40}.Release|Any CPU.ActiveCfg = Release|Any CPU
		{7BFC9D16-D15D-4B0F-BB1C-39B60C69CB40}.Release|Any CPU.Build.0 = Release|Any CPU
	EndGlobalSection
	GlobalSection(SolutionProperties) = preSolution
		HideSolutionNode = FALSE
	EndGlobalSection
	GlobalSection(ExtensibilityGlobals) = postSolution
		SolutionGuid = {004FC10D-A2F3-4BD8-8D52-2150A1C829C2}
	EndGlobalSection
EndGlobal
