
Microsoft Visual Studio Solution File, Format Version 12.00
# Visual Studio Version 16
VisualStudioVersion = 16.0.30804.86
MinimumVisualStudioVersion = 10.0.40219.1
Project("{FAE04EC0-301F-11D3-BF4B-00C04F79EFBC}") = "Jonwolfdev.Utils.Common", "Jonwolfdev.Utils.Common\Jonwolfdev.Utils.Common.csproj", "{2C61EBD3-1D5F-4ED2-AA93-07B8DD58921F}"
EndProject
Project("{FAE04EC0-301F-11D3-BF4B-00C04F79EFBC}") = "Jonwolfdev.Utils.Common.UnitTests", "Jonwolfdev.Utils.Common.UnitTests\Jonwolfdev.Utils.Common.UnitTests.csproj", "{07789B21-D126-430F-AAD8-728F31FE72BE}"
EndProject
Global
	GlobalSection(SolutionConfigurationPlatforms) = preSolution
		Debug|Any CPU = Debug|Any CPU
		Release|Any CPU = Release|Any CPU
	EndGlobalSection
	GlobalSection(ProjectConfigurationPlatforms) = postSolution
		{2C61EBD3-1D5F-4ED2-AA93-07B8DD58921F}.Debug|Any CPU.ActiveCfg = Debug|Any CPU
		{2C61EBD3-1D5F-4ED2-AA93-07B8DD58921F}.Debug|Any CPU.Build.0 = Debug|Any CPU
		{2C61EBD3-1D5F-4ED2-AA93-07B8DD58921F}.Release|Any CPU.ActiveCfg = Release|Any CPU
		{2C61EBD3-1D5F-4ED2-AA93-07B8DD58921F}.Release|Any CPU.Build.0 = Release|Any CPU
		{07789B21-D126-430F-AAD8-728F31FE72BE}.Debug|Any CPU.ActiveCfg = Debug|Any CPU
		{07789B21-D126-430F-AAD8-728F31FE72BE}.Debug|Any CPU.Build.0 = Debug|Any CPU
		{07789B21-D126-430F-AAD8-728F31FE72BE}.Release|Any CPU.ActiveCfg = Release|Any CPU
		{07789B21-D126-430F-AAD8-728F31FE72BE}.Release|Any CPU.Build.0 = Release|Any CPU
	EndGlobalSection
	GlobalSection(SolutionProperties) = preSolution
		HideSolutionNode = FALSE
	EndGlobalSection
	GlobalSection(ExtensibilityGlobals) = postSolution
		SolutionGuid = {004FC10D-A2F3-4BD8-8D52-2150A1C829C2}
	EndGlobalSection
EndGlobal
